
Microsoft Visual Studio Solution File, Format Version 12.00
# Visual Studio Version 16
VisualStudioVersion = 16.0.31613.86
MinimumVisualStudioVersion = 10.0.40219.1
Project("{FAE04EC0-301F-11D3-BF4B-00C04F79EFBC}") = "Quiz_JoseDanielCabrera", "Quiz_JoseDanielCabrera\Quiz_JoseDanielCabrera.csproj", "{39ACE091-3CCA-4098-8350-27546BBF0C27}"
EndProject
Global
	GlobalSection(SolutionConfigurationPlatforms) = preSolution
		Debug|Any CPU = Debug|Any CPU
		Release|Any CPU = Release|Any CPU
	EndGlobalSection
	GlobalSection(ProjectConfigurationPlatforms) = postSolution
		{39ACE091-3CCA-4098-8350-27546BBF0C27}.Debug|Any CPU.ActiveCfg = Debug|Any CPU
		{39ACE091-3CCA-4098-8350-27546BBF0C27}.Debug|Any CPU.Build.0 = Debug|Any CPU
		{39ACE091-3CCA-4098-8350-27546BBF0C27}.Release|Any CPU.ActiveCfg = Release|Any CPU
		{39ACE091-3CCA-4098-8350-27546BBF0C27}.Release|Any CPU.Build.0 = Release|Any CPU
	EndGlobalSection
	GlobalSection(SolutionProperties) = preSolution
		HideSolutionNode = FALSE
	EndGlobalSection
	GlobalSection(ExtensibilityGlobals) = postSolution
		SolutionGuid = {F7A756B0-58BB-45C4-A0E5-44C8BF5D9FE8}
	EndGlobalSection
EndGlobal
